{
  "name": "assignment_royalty_free_music_player",
  "version": "1.0.0",
  "lockfileVersion": 1,
  "requires": true,
  "dependencies": {
    "mdi": {
      "version": "2.1.19",
      "resolved": "https://registry.npmjs.org/mdi/-/mdi-2.1.19.tgz",
      "integrity": "sha512-WErwab4jq/jcCeo4aecQ5UH1WXu2Eto5Rdb0AiBFcUw8CHmF/UeV+hf9wKyH17X+c3Z+jaS3jDKW7fu0R0HmWQ=="
    }
  }
}
